
Microsoft Visual Studio Solution File, Format Version 12.00
# Visual Studio 15
VisualStudioVersion = 15.0.26730.8
MinimumVisualStudioVersion = 10.0.40219.1
Project("{FAE04EC0-301F-11D3-BF4B-00C04F79EFBC}") = "DataAccess", "DataAccess\DataAccess.csproj", "{35571655-C8EA-492A-B15B-3536D14B32DF}"
EndProject
Global
	GlobalSection(SolutionConfigurationPlatforms) = preSolution
		Debug|Any CPU = Debug|Any CPU
		Release|Any CPU = Release|Any CPU
	EndGlobalSection
	GlobalSection(ProjectConfigurationPlatforms) = postSolution
		{35571655-C8EA-492A-B15B-3536D14B32DF}.Debug|Any CPU.ActiveCfg = Debug|Any CPU
		{35571655-C8EA-492A-B15B-3536D14B32DF}.Debug|Any CPU.Build.0 = Debug|Any CPU
		{35571655-C8EA-492A-B15B-3536D14B32DF}.Release|Any CPU.ActiveCfg = Release|Any CPU
		{35571655-C8EA-492A-B15B-3536D14B32DF}.Release|Any CPU.Build.0 = Release|Any CPU
	EndGlobalSection
	GlobalSection(SolutionProperties) = preSolution
		HideSolutionNode = FALSE
	EndGlobalSection
	GlobalSection(ExtensibilityGlobals) = postSolution
		SolutionGuid = {092A2062-B08E-42D3-A68D-BA80001ED748}
	EndGlobalSection
EndGlobal
